<?xml version="1.0" encoding="utf-8"?>
<Project ToolsVersion="4.0" xmlns="http://schemas.microsoft.com/developer/msbuild/2003">
  <ItemGroup>
    <ClCompile Include="src\ImagePrinter.cpp" />
    <ClCompile Include="src\BattleUI\BattleGrid.cpp" />
    <ClCompile Include="src\BattleUI\BattleLog.cpp" />
    <ClCompile Include="src\BattleUI\CardUI.cpp" />
    <ClCompile Include="src\BattleUI\Progressbar.cpp" />
    <ClCompile Include="src\BattleUI\UIWidget.cpp" />
    <ClCompile Include="src\Entity\Boss.cpp" />
    <ClCompile Include="src\InputManager\InputManager.cpp" />
    <ClCompile Include="src\Common\ConsolePrinter.cpp" />
    <ClCompile Include="Main.cpp" />
    <ClCompile Include="src\Common\RandomManager.cpp" />
    <ClCompile Include="src\Map\Managers\MapManager.cpp" />
    <ClCompile Include="src\battelfield\battlefield.cpp" />
    <ClCompile Include="src\BattleManager\BattleManager.cpp" />
    <ClCompile Include="src\Card\Card.cpp" />
    <ClCompile Include="src\Card\C_Attack.cpp" />
    <ClCompile Include="src\Card\C_Guard.cpp" />
    <ClCompile Include="src\Card\C_Move.cpp" />
    <ClCompile Include="src\Entity\Enemy.cpp" />
    <ClCompile Include="src\Entity\Entity.cpp" />
    <ClCompile Include="src\Entity\Player.cpp" />
    <ClCompile Include="src\GameManager\GameManager.cpp" />
    <ClCompile Include="src\Merchant\Merchant.cpp" />
    <ClCompile Include="src\SoundManager\SoundManager.cpp" />
    <ClCompile Include="test_main_taewoong.cpp" />
    <ClCompile Include="src\Map\Component\Collider.cpp" />
    <ClCompile Include="src\Map\Component\IComponent.cpp" />
    <ClCompile Include="src\Map\Component\IRenderer.cpp" />
    <ClCompile Include="src\Map\Component\TAnimRenderer.cpp" />
    <ClCompile Include="src\Map\Component\TSpriteRenderer.cpp" />
    <ClCompile Include="src\Map\Actor\Actor.cpp" />
    <ClCompile Include="src\Map\Camera.cpp" />
    <ClCompile Include="src\Common\TimeManager.cpp" />
    <ClCompile Include="src\Map\Scene\Scene.cpp" />
    <ClCompile Include="src\Map\Scene\GameScene.cpp" />
    <ClCompile Include="src\Map\Actor\APlayer.cpp" />
    <ClCompile Include="src\Map\Managers\SceneManager.cpp" />
  </ItemGroup>
  <ItemGroup>
    <ClInclude Include="include\BattleUI\BattleGrid.h" />
    <ClInclude Include="include\BattleUI\BattleLog.h" />
    <ClInclude Include="include\BattleUI\CardUI.h" />
    <ClInclude Include="include\BattleUI\Progressbar.h" />
    <ClInclude Include="include\BattleUI\Text.h" />
    <ClInclude Include="include\BattleUI\UIWidget.h" />
    <ClInclude Include="include\Common\ConsolePrinter.h" />
    <ClInclude Include="include\battlefield\battlefield.h" />
    <ClInclude Include="include\BattleManager\BattleManager.h" />
    <ClInclude Include="include\Cards.h" />
    <ClInclude Include="include\Card\Card.h" />
    <ClInclude Include="include\Card\C_Attack.h" />
    <ClInclude Include="include\Card\C_Guard.h" />
    <ClInclude Include="include\Card\C_Move.h" />
    <ClInclude Include="include\Entities.h" />
    <ClInclude Include="include\Entity\Boss.h" />
    <ClInclude Include="include\Entity\Enemy.h" />
    <ClInclude Include="include\Entity\Entity.h" />
    <ClInclude Include="include\Entity\Player.h" />
    <ClInclude Include="include\GameManager\GameManager.h" />
    <ClInclude Include="include\ImagePrinter.h" />
    <ClInclude Include="include\Merchant\Merchant.h" />
    <ClInclude Include="include\InputManager\InputManager.h" />
    <ClInclude Include="include\Map\Managers\MapManager.h" />
    <ClInclude Include="include\Map\MapTypes.h" />
    <ClInclude Include="include\Common\RandomManager.h" />
    <ClInclude Include="include\Common\Singleton.h" />
    <ClInclude Include="include\BattleUI\BattleUIGroup.h" />
    <ClInclude Include="include\SoundManager\SoundManager.h" />
    <ClInclude Include="include\Card\C_HealHP.h" />
    <ClInclude Include="include\Card\C_HealStamina.h" />
    <ClInclude Include="include\Map\Component\Collider.h" />
    <ClInclude Include="include\Map\Component\IComponent.h" />
    <ClInclude Include="include\Map\Component\IRenderer.h" />
    <ClInclude Include="include\Map\Component\TAnimRenderer.h" />
    <ClInclude Include="include\Map\Component\TSpriteRenderer.h" />
    <ClInclude Include="include\Map\Actor\Actor.h" />
    <ClInclude Include="include\Map\Camera.h" />
    <ClInclude Include="include\Common\TimeManager.h" />
    <ClInclude Include="include\Map\Scene\Scene.h" />
    <ClInclude Include="include\Map\Scene\GameScene.h" />
    <ClInclude Include="include\Map\Actor\APlayer.h" />
    <ClInclude Include="include\Map\Managers\SceneManager.h" />
  </ItemGroup>
</Project>